{
    "hash": "86ee6de65164aa27dfc1cd712ec41c4a",
    "packages": [
        {
            "package": "njh/easyrdf",
            "version": "dev-master",
            "source-reference": "50e1d791897c9e7c48f2f721414a3750f572a714",
            "commit-date": "1345899605"
        },
        {
            "package": "slim/slim",
            "version": "dev-negotiation",
            "source-reference": "514ad7c074a0905cf8830cd2a9519ea03ad76561",
            "commit-date": "1345554455"
        }
    ],
    "packages-dev": null,
    "aliases": [

    ],
    "minimum-stability": "stable",
    "stability-flags": {
        "slim/slim": 20,
        "njh/easyrdf": 20
    }
}
