{
    "hash": "e0daf6b26d05a7a8ac3bea93c25aaf38",
    "packages": [
        {
            "name": "njh/easyrdf",
            "version": "dev-master",
            "source": {
                "type": "git",
                "url": "git://github.com/njh/easyrdf.git",
                "reference": "0fa068db6ff3a217d7aa2918ea72209c50f892bb"
            },
            "dist": {
                "type": "zip",
                "url": "https://github.com/njh/easyrdf/archive/0fa068db6ff3a217d7aa2918ea72209c50f892bb.zip",
                "reference": "0fa068db6ff3a217d7aa2918ea72209c50f892bb",
                "shasum": ""
            },
            "require": {
                "php": ">=5.2.8"
            },
            "time": "2013-01-02 22:11:18",
            "type": "library",
            "installation-source": "source",
            "autoload": {
                "psr-0": {
                    "EasyRdf_": "lib/"
                }
            },
            "notification-url": "https://packagist.org/downloads/",
            "license": [
                "BSD-3-Clause"
            ],
            "authors": [
                {
                    "name": "Nicholas Humfrey",
                    "email": "njh@aelius.com",
                    "homepage": "http://www.aelius.com/njh/",
                    "role": "Developer"
                }
            ],
            "description": "EasyRdf is a PHP library designed to make it easy to consume and produce RDF.",
            "homepage": "http://www.easyrdf.org/",
            "keywords": [
                "rdfa",
                "RDF",
                "Semantic Web",
                "Turtle"
            ]
        },
        {
            "name": "slim/slim",
            "version": "dev-negotiation",
            "source": {
                "type": "git",
                "url": "http://github.com/njh/Slim",
                "reference": "2bf6c46bf8618e5a74b377df24a3758956171f8b"
            },
            "dist": {
                "type": "zip",
                "url": "https://api.github.com/repos/njh/Slim/zipball/2bf6c46bf8618e5a74b377df24a3758956171f8b",
                "reference": "2bf6c46bf8618e5a74b377df24a3758956171f8b",
                "shasum": ""
            },
            "require": {
                "php": ">=5.2.0"
            },
            "time": "2012-10-31 23:24:24",
            "type": "library",
            "installation-source": "source",
            "autoload": {
                "psr-0": {
                    "Slim": "Slim/"
                }
            },
            "license": [
                "MIT"
            ],
            "authors": [
                {
                    "name": "Josh Lockhart",
                    "email": "info@joshlockhart.com",
                    "homepage": "http://www.joshlockhart.com/"
                }
            ],
            "description": "Slim Framework, a micro framework for PHP 5",
            "homepage": "http://github.com/codeguy/Slim",
            "keywords": [
                "microframework",
                "rest",
                "router"
            ],
            "support": {
                "source": "https://github.com/njh/Slim/tree/negotiation"
            }
        }
    ],
    "packages-dev": null,
    "aliases": [

    ],
    "minimum-stability": "stable",
    "stability-flags": {
        "slim/slim": 20,
        "njh/easyrdf": 20
    }
}
