{
    "hash": "ee8f101ec6e675d70ca9911661b1bcac",
    "packages": [
        {
            "package": "njh/easyrdf",
            "version": "dev-master",
            "source-reference": "af2b9ae99c6b40579390434d196cf30f047959c1",
            "commit-date": "1346177680"
        },
        {
            "package": "slim/slim",
            "version": "dev-negotiation",
            "source-reference": "08eeb5c77475cf604a03576dc2e2a65e5b77a768",
            "commit-date": "1346178002"
        }
    ],
    "packages-dev": [
        {
            "package": "pear-pear.phpunit.de/File_Iterator",
            "version": "1.3.1"
        },
        {
            "package": "pear-pear.phpunit.de/PHPUnit",
            "version": "3.6.12"
        },
        {
            "package": "pear-pear.phpunit.de/PHPUnit_MockObject",
            "version": "1.1.1"
        },
        {
            "package": "pear-pear.phpunit.de/PHP_CodeCoverage",
            "version": "1.1.3"
        },
        {
            "package": "pear-pear.phpunit.de/PHP_Timer",
            "version": "1.0.2"
        },
        {
            "package": "pear-pear.phpunit.de/PHP_TokenStream",
            "version": "1.1.3"
        },
        {
            "package": "pear-pear.phpunit.de/Text_Template",
            "version": "1.1.1"
        },
        {
            "package": "pear-pear.symfony-project.com/YAML",
            "version": "1.0.6"
        }
    ],
    "aliases": [

    ],
    "minimum-stability": "stable",
    "stability-flags": {
        "slim/slim": 20,
        "njh/easyrdf": 20
    }
}
